
Microsoft Visual Studio Solution File, Format Version 12.00
# Visual Studio 14
VisualStudioVersion = 14.0.25420.1
MinimumVisualStudioVersion = 10.0.40219.1
Project("{FAE04EC0-301F-11D3-BF4B-00C04F79EFBC}") = "AirlineTicketScraper", "AirlineTicketScraper\AirlineTicketScraper.csproj", "{245939F0-36DF-45F8-A344-AB5A0C1D8CBF}"
	ProjectSection(ProjectDependencies) = postProject
		{62F8F27A-F8DA-4BC7-ACD2-5FD111D41BE5} = {62F8F27A-F8DA-4BC7-ACD2-5FD111D41BE5}
	EndProjectSection
EndProject
Project("{FAE04EC0-301F-11D3-BF4B-00C04F79EFBC}") = "AirlineScraper.BusinessLogic", "AirlineScraper.BusinessLogic\AirlineScraper.BusinessLogic.csproj", "{884D7E41-F4C7-4660-BCC7-71AF75B62C6C}"
EndProject
Project("{FAE04EC0-301F-11D3-BF4B-00C04F79EFBC}") = "ScraperTester", "ScraperTester\ScraperTester.csproj", "{89944A9D-9194-4674-88EF-A7C5852D3D71}"
EndProject
Project("{FAE04EC0-301F-11D3-BF4B-00C04F79EFBC}") = "AirlineScraper.Model", "AirlineScraper.Model\AirlineScraper.Model.csproj", "{9AD36CED-C3BF-4F19-8227-31F354EBEF45}"
EndProject
Project("{FAE04EC0-301F-11D3-BF4B-00C04F79EFBC}") = "ScraperService", "ScraperService\ScraperService.csproj", "{62F8F27A-F8DA-4BC7-ACD2-5FD111D41BE5}"
EndProject
Global
	GlobalSection(SolutionConfigurationPlatforms) = preSolution
		Debug|Any CPU = Debug|Any CPU
		Release|Any CPU = Release|Any CPU
	EndGlobalSection
	GlobalSection(ProjectConfigurationPlatforms) = postSolution
		{245939F0-36DF-45F8-A344-AB5A0C1D8CBF}.Debug|Any CPU.ActiveCfg = Debug|Any CPU
		{245939F0-36DF-45F8-A344-AB5A0C1D8CBF}.Debug|Any CPU.Build.0 = Debug|Any CPU
		{245939F0-36DF-45F8-A344-AB5A0C1D8CBF}.Release|Any CPU.ActiveCfg = Release|Any CPU
		{245939F0-36DF-45F8-A344-AB5A0C1D8CBF}.Release|Any CPU.Build.0 = Release|Any CPU
		{884D7E41-F4C7-4660-BCC7-71AF75B62C6C}.Debug|Any CPU.ActiveCfg = Debug|Any CPU
		{884D7E41-F4C7-4660-BCC7-71AF75B62C6C}.Debug|Any CPU.Build.0 = Debug|Any CPU
		{884D7E41-F4C7-4660-BCC7-71AF75B62C6C}.Release|Any CPU.ActiveCfg = Release|Any CPU
		{884D7E41-F4C7-4660-BCC7-71AF75B62C6C}.Release|Any CPU.Build.0 = Release|Any CPU
		{89944A9D-9194-4674-88EF-A7C5852D3D71}.Debug|Any CPU.ActiveCfg = Debug|Any CPU
		{89944A9D-9194-4674-88EF-A7C5852D3D71}.Debug|Any CPU.Build.0 = Debug|Any CPU
		{89944A9D-9194-4674-88EF-A7C5852D3D71}.Release|Any CPU.ActiveCfg = Release|Any CPU
		{89944A9D-9194-4674-88EF-A7C5852D3D71}.Release|Any CPU.Build.0 = Release|Any CPU
		{9AD36CED-C3BF-4F19-8227-31F354EBEF45}.Debug|Any CPU.ActiveCfg = Debug|Any CPU
		{9AD36CED-C3BF-4F19-8227-31F354EBEF45}.Debug|Any CPU.Build.0 = Debug|Any CPU
		{9AD36CED-C3BF-4F19-8227-31F354EBEF45}.Release|Any CPU.ActiveCfg = Release|Any CPU
		{9AD36CED-C3BF-4F19-8227-31F354EBEF45}.Release|Any CPU.Build.0 = Release|Any CPU
		{62F8F27A-F8DA-4BC7-ACD2-5FD111D41BE5}.Debug|Any CPU.ActiveCfg = Debug|Any CPU
		{62F8F27A-F8DA-4BC7-ACD2-5FD111D41BE5}.Debug|Any CPU.Build.0 = Debug|Any CPU
		{62F8F27A-F8DA-4BC7-ACD2-5FD111D41BE5}.Release|Any CPU.ActiveCfg = Release|Any CPU
		{62F8F27A-F8DA-4BC7-ACD2-5FD111D41BE5}.Release|Any CPU.Build.0 = Release|Any CPU
	EndGlobalSection
	GlobalSection(SolutionProperties) = preSolution
		HideSolutionNode = FALSE
	EndGlobalSection
EndGlobal
